// !$*UTF8*$!
{
	archiveVersion = 1;
	classes = {
	};
	objectVersion = 46;
	objects = {

/* Begin PBXBuildFile section */
		4BC4307171C69CB7CD921193 /* Pods_Weather.framework in Frameworks */ = {isa = PBXBuildFile; fileRef = E9AAF44309057711F65D518F /* Pods_Weather.framework */; };
		A32FBB4B1DA4514D007E76BE /* WeatherCell.swift in Sources */ = {isa = PBXBuildFile; fileRef = A32FBB4A1DA4514D007E76BE /* WeatherCell.swift */; };
		A32FBB4F1DA4589E007E76BE /* Material.swift in Sources */ = {isa = PBXBuildFile; fileRef = A32FBB4E1DA4589E007E76BE /* Material.swift */; };
		A35C843A1D9886E8000549E3 /* AppDelegate.swift in Sources */ = {isa = PBXBuildFile; fileRef = A35C84391D9886E8000549E3 /* AppDelegate.swift */; };
		A35C843C1D9886E8000549E3 /* ViewController.swift in Sources */ = {isa = PBXBuildFile; fileRef = A35C843B1D9886E8000549E3 /* ViewController.swift */; };
		A35C843F1D9886E8000549E3 /* Main.storyboard in Resources */ = {isa = PBXBuildFile; fileRef = A35C843D1D9886E8000549E3 /* Main.storyboard */; };
		A35C84411D9886E8000549E3 /* Assets.xcassets in Resources */ = {isa = PBXBuildFile; fileRef = A35C84401D9886E8000549E3 /* Assets.xcassets */; };
		A35C84441D9886E8000549E3 /* LaunchScreen.storyboard in Resources */ = {isa = PBXBuildFile; fileRef = A35C84421D9886E8000549E3 /* LaunchScreen.storyboard */; };
		A36731C71DA2AA7300E98994 /* MapKit.framework in Frameworks */ = {isa = PBXBuildFile; fileRef = A36731C61DA2AA7300E98994 /* MapKit.framework */; };
		A3711F8E1D9C5E1C00BC7D69 /* Constants.swift in Sources */ = {isa = PBXBuildFile; fileRef = A3711F8D1D9C5E1C00BC7D69 /* Constants.swift */; };
		A3711F901D9C607600BC7D69 /* CurrentWeather.swift in Sources */ = {isa = PBXBuildFile; fileRef = A3711F8F1D9C607600BC7D69 /* CurrentWeather.swift */; };
		A388BCA91DA41CE000367172 /* Forecast.swift in Sources */ = {isa = PBXBuildFile; fileRef = A388BCA81DA41CE000367172 /* Forecast.swift */; };
/* End PBXBuildFile section */

/* Begin PBXFileReference section */
		306ECDCBDFD10077C7142044 /* Pods-Weather.release.xcconfig */ = {isa = PBXFileReference; includeInIndex = 1; lastKnownFileType = text.xcconfig; name = "Pods-Weather.release.xcconfig"; path = "Pods/Target Support Files/Pods-Weather/Pods-Weather.release.xcconfig"; sourceTree = "<group>"; };
		846B4B14E705FCECB619DE0E /* Pods-Weather.debug.xcconfig */ = {isa = PBXFileReference; includeInIndex = 1; lastKnownFileType = text.xcconfig; name = "Pods-Weather.debug.xcconfig"; path = "Pods/Target Support Files/Pods-Weather/Pods-Weather.debug.xcconfig"; sourceTree = "<group>"; };
		A32FBB4A1DA4514D007E76BE /* WeatherCell.swift */ = {isa = PBXFileReference; fileEncoding = 4; lastKnownFileType = sourcecode.swift; path = WeatherCell.swift; sourceTree = "<group>"; };
		A32FBB4E1DA4589E007E76BE /* Material.swift */ = {isa = PBXFileReference; fileEncoding = 4; lastKnownFileType = sourcecode.swift; path = Material.swift; sourceTree = "<group>"; };
		A35C84361D9886E8000549E3 /* Weather.app */ = {isa = PBXFileReference; explicitFileType = wrapper.application; includeInIndex = 0; path = Weather.app; sourceTree = BUILT_PRODUCTS_DIR; };
		A35C84391D9886E8000549E3 /* AppDelegate.swift */ = {isa = PBXFileReference; lastKnownFileType = sourcecode.swift; path = AppDelegate.swift; sourceTree = "<group>"; };
		A35C843B1D9886E8000549E3 /* ViewController.swift */ = {isa = PBXFileReference; lastKnownFileType = sourcecode.swift; path = ViewController.swift; sourceTree = "<group>"; };
		A35C843E1D9886E8000549E3 /* Base */ = {isa = PBXFileReference; lastKnownFileType = file.storyboard; name = Base; path = Base.lproj/Main.storyboard; sourceTree = "<group>"; };
		A35C84401D9886E8000549E3 /* Assets.xcassets */ = {isa = PBXFileReference; lastKnownFileType = folder.assetcatalog; path = Assets.xcassets; sourceTree = "<group>"; };
		A35C84431D9886E8000549E3 /* Base */ = {isa = PBXFileReference; lastKnownFileType = file.storyboard; name = Base; path = Base.lproj/LaunchScreen.storyboard; sourceTree = "<group>"; };
		A35C84451D9886E8000549E3 /* Info.plist */ = {isa = PBXFileReference; lastKnownFileType = text.plist.xml; path = Info.plist; sourceTree = "<group>"; };
		A36731C61DA2AA7300E98994 /* MapKit.framework */ = {isa = PBXFileReference; lastKnownFileType = wrapper.framework; name = MapKit.framework; path = System/Library/Frameworks/MapKit.framework; sourceTree = SDKROOT; };
		A3711F8D1D9C5E1C00BC7D69 /* Constants.swift */ = {isa = PBXFileReference; fileEncoding = 4; lastKnownFileType = sourcecode.swift; name = Constants.swift; path = ../Constants.swift; sourceTree = "<group>"; };
		A3711F8F1D9C607600BC7D69 /* CurrentWeather.swift */ = {isa = PBXFileReference; fileEncoding = 4; lastKnownFileType = sourcecode.swift; path = CurrentWeather.swift; sourceTree = "<group>"; };
		A388BCA81DA41CE000367172 /* Forecast.swift */ = {isa = PBXFileReference; fileEncoding = 4; lastKnownFileType = sourcecode.swift; path = Forecast.swift; sourceTree = "<group>"; };
		E9AAF44309057711F65D518F /* Pods_Weather.framework */ = {isa = PBXFileReference; explicitFileType = wrapper.framework; includeInIndex = 0; path = Pods_Weather.framework; sourceTree = BUILT_PRODUCTS_DIR; };
/* End PBXFileReference section */

/* Begin PBXFrameworksBuildPhase section */
		A35C84331D9886E8000549E3 /* Frameworks */ = {
			isa = PBXFrameworksBuildPhase;
			buildActionMask = 2147483647;
			files = (
				A36731C71DA2AA7300E98994 /* MapKit.framework in Frameworks */,
				4BC4307171C69CB7CD921193 /* Pods_Weather.framework in Frameworks */,
			);
			runOnlyForDeploymentPostprocessing = 0;
		};
/* End PBXFrameworksBuildPhase section */

/* Begin PBXGroup section */
		36BF75EFDCB85B42174E33CA /* Pods */ = {
			isa = PBXGroup;
			children = (
				846B4B14E705FCECB619DE0E /* Pods-Weather.debug.xcconfig */,
				306ECDCBDFD10077C7142044 /* Pods-Weather.release.xcconfig */,
			);
			name = Pods;
			sourceTree = "<group>";
		};
		7B50C58341E3276E431B7A35 /* Frameworks */ = {
			isa = PBXGroup;
			children = (
				A36731C61DA2AA7300E98994 /* MapKit.framework */,
				E9AAF44309057711F65D518F /* Pods_Weather.framework */,
			);
			name = Frameworks;
			sourceTree = "<group>";
		};
		A35C842D1D9886E8000549E3 = {
			isa = PBXGroup;
			children = (
				A35C84381D9886E8000549E3 /* Weather */,
				A35C84371D9886E8000549E3 /* Products */,
				36BF75EFDCB85B42174E33CA /* Pods */,
				7B50C58341E3276E431B7A35 /* Frameworks */,
			);
			sourceTree = "<group>";
		};
		A35C84371D9886E8000549E3 /* Products */ = {
			isa = PBXGroup;
			children = (
				A35C84361D9886E8000549E3 /* Weather.app */,
			);
			name = Products;
			sourceTree = "<group>";
		};
		A35C84381D9886E8000549E3 /* Weather */ = {
			isa = PBXGroup;
			children = (
				A3711F8C1D9C5D8800BC7D69 /* Constants */,
				A3711F8B1D9C5D7F00BC7D69 /* Controller */,
				A3711F8A1D9C5D7B00BC7D69 /* View */,
				A3711F891D9C5D7400BC7D69 /* Model */,
				A35C84391D9886E8000549E3 /* AppDelegate.swift */,
				A35C843D1D9886E8000549E3 /* Main.storyboard */,
				A35C84401D9886E8000549E3 /* Assets.xcassets */,
				A35C84421D9886E8000549E3 /* LaunchScreen.storyboard */,
				A35C84451D9886E8000549E3 /* Info.plist */,
			);
			path = Weather;
			sourceTree = "<group>";
		};
		A3711F891D9C5D7400BC7D69 /* Model */ = {
			isa = PBXGroup;
			children = (
				A3711F8F1D9C607600BC7D69 /* CurrentWeather.swift */,
				A32FBB4A1DA4514D007E76BE /* WeatherCell.swift */,
				A388BCA81DA41CE000367172 /* Forecast.swift */,
			);
			name = Model;
			sourceTree = "<group>";
		};
		A3711F8A1D9C5D7B00BC7D69 /* View */ = {
			isa = PBXGroup;
			children = (
				A32FBB4E1DA4589E007E76BE /* Material.swift */,
			);
			name = View;
			sourceTree = "<group>";
		};
		A3711F8B1D9C5D7F00BC7D69 /* Controller */ = {
			isa = PBXGroup;
			children = (
				A35C843B1D9886E8000549E3 /* ViewController.swift */,
			);
			name = Controller;
			sourceTree = "<group>";
		};
		A3711F8C1D9C5D8800BC7D69 /* Constants */ = {
			isa = PBXGroup;
			children = (
				A3711F8D1D9C5E1C00BC7D69 /* Constants.swift */,
			);
			name = Constants;
			sourceTree = "<group>";
		};
/* End PBXGroup section */

/* Begin PBXNativeTarget section */
		A35C84351D9886E8000549E3 /* Weather */ = {
			isa = PBXNativeTarget;
			buildConfigurationList = A35C84481D9886E8000549E3 /* Build configuration list for PBXNativeTarget "Weather" */;
			buildPhases = (
				37D1ADA4233D833DD5290EE3 /* [CP] Check Pods Manifest.lock */,
				A35C84321D9886E8000549E3 /* Sources */,
				A35C84331D9886E8000549E3 /* Frameworks */,
				A35C84341D9886E8000549E3 /* Resources */,
				93D5723D799D632F5F8047D2 /* [CP] Embed Pods Frameworks */,
				0D8D58F8F8FF23303747FDC4 /* [CP] Copy Pods Resources */,
			);
			buildRules = (
			);
			dependencies = (
			);
			name = Weather;
			productName = Weather;
			productReference = A35C84361D9886E8000549E3 /* Weather.app */;
			productType = "com.apple.product-type.application";
		};
/* End PBXNativeTarget section */

/* Begin PBXProject section */
		A35C842E1D9886E8000549E3 /* Project object */ = {
			isa = PBXProject;
			attributes = {
				LastSwiftUpdateCheck = 0800;
				LastUpgradeCheck = 0800;
				ORGANIZATIONNAME = "Jonathan Tsistinas";
				TargetAttributes = {
					A35C84351D9886E8000549E3 = {
						CreatedOnToolsVersion = 8.0;
						DevelopmentTeam = KMTZDB3J22;
						ProvisioningStyle = Automatic;
						SystemCapabilities = {
							com.apple.Maps.iOS = {
								enabled = 0;
							};
						};
					};
				};
			};
			buildConfigurationList = A35C84311D9886E8000549E3 /* Build configuration list for PBXProject "Weather" */;
			compatibilityVersion = "Xcode 3.2";
			developmentRegion = English;
			hasScannedForEncodings = 0;
			knownRegions = (
				en,
				Base,
			);
			mainGroup = A35C842D1D9886E8000549E3;
			productRefGroup = A35C84371D9886E8000549E3 /* Products */;
			projectDirPath = "";
			projectRoot = "";
			targets = (
				A35C84351D9886E8000549E3 /* Weather */,
			);
		};
/* End PBXProject section */

/* Begin PBXResourcesBuildPhase section */
		A35C84341D9886E8000549E3 /* Resources */ = {
			isa = PBXResourcesBuildPhase;
			buildActionMask = 2147483647;
			files = (
				A35C84441D9886E8000549E3 /* LaunchScreen.storyboard in Resources */,
				A35C84411D9886E8000549E3 /* Assets.xcassets in Resources */,
				A35C843F1D9886E8000549E3 /* Main.storyboard in Resources */,
			);
			runOnlyForDeploymentPostprocessing = 0;
		};
/* End PBXResourcesBuildPhase section */

/* Begin PBXShellScriptBuildPhase section */
		0D8D58F8F8FF23303747FDC4 /* [CP] Copy Pods Resources */ = {
			isa = PBXShellScriptBuildPhase;
			buildActionMask = 2147483647;
			files = (
			);
			inputPaths = (
			);
			name = "[CP] Copy Pods Resources";
			outputPaths = (
			);
			runOnlyForDeploymentPostprocessing = 0;
			shellPath = /bin/sh;
			shellScript = "\"${SRCROOT}/Pods/Target Support Files/Pods-Weather/Pods-Weather-resources.sh\"\n";
			showEnvVarsInLog = 0;
		};
		37D1ADA4233D833DD5290EE3 /* [CP] Check Pods Manifest.lock */ = {
			isa = PBXShellScriptBuildPhase;
			buildActionMask = 2147483647;
			files = (
			);
			inputPaths = (
			);
			name = "[CP] Check Pods Manifest.lock";
			outputPaths = (
			);
			runOnlyForDeploymentPostprocessing = 0;
			shellPath = /bin/sh;
			shellScript = "diff \"${PODS_ROOT}/../Podfile.lock\" \"${PODS_ROOT}/Manifest.lock\" > /dev/null\nif [ $? != 0 ] ; then\n    # print error to STDERR\n    echo \"error: The sandbox is not in sync with the Podfile.lock. Run 'pod install' or update your CocoaPods installation.\" >&2\n    exit 1\nfi\n";
			showEnvVarsInLog = 0;
		};
		93D5723D799D632F5F8047D2 /* [CP] Embed Pods Frameworks */ = {
			isa = PBXShellScriptBuildPhase;
			buildActionMask = 2147483647;
			files = (
			);
			inputPaths = (
			);
			name = "[CP] Embed Pods Frameworks";
			outputPaths = (
			);
			runOnlyForDeploymentPostprocessing = 0;
			shellPath = /bin/sh;
			shellScript = "\"${SRCROOT}/Pods/Target Support Files/Pods-Weather/Pods-Weather-frameworks.sh\"\n";
			showEnvVarsInLog = 0;
		};
/* End PBXShellScriptBuildPhase section */

/* Begin PBXSourcesBuildPhase section */
		A35C84321D9886E8000549E3 /* Sources */ = {
			isa = PBXSourcesBuildPhase;
			buildActionMask = 2147483647;
			files = (
				A32FBB4F1DA4589E007E76BE /* Material.swift in Sources */,
				A35C843C1D9886E8000549E3 /* ViewController.swift in Sources */,
				A35C843A1D9886E8000549E3 /* AppDelegate.swift in Sources */,
				A32FBB4B1DA4514D007E76BE /* WeatherCell.swift in Sources */,
				A3711F901D9C607600BC7D69 /* CurrentWeather.swift in Sources */,
				A3711F8E1D9C5E1C00BC7D69 /* Constants.swift in Sources */,
				A388BCA91DA41CE000367172 /* Forecast.swift in Sources */,
			);
			runOnlyForDeploymentPostprocessing = 0;
		};
/* End PBXSourcesBuildPhase section */

/* Begin PBXVariantGroup section */
		A35C843D1D9886E8000549E3 /* Main.storyboard */ = {
			isa = PBXVariantGroup;
			children = (
				A35C843E1D9886E8000549E3 /* Base */,
			);
			name = Main.storyboard;
			sourceTree = "<group>";
		};
		A35C84421D9886E8000549E3 /* LaunchScreen.storyboard */ = {
			isa = PBXVariantGroup;
			children = (
				A35C84431D9886E8000549E3 /* Base */,
			);
			name = LaunchScreen.storyboard;
			sourceTree = "<group>";
		};
/* End PBXVariantGroup section */

/* Begin XCBuildConfiguration section */
		A35C84461D9886E8000549E3 /* Debug */ = {
			isa = XCBuildConfiguration;
			buildSettings = {
				ALWAYS_SEARCH_USER_PATHS = NO;
				CLANG_ANALYZER_NONNULL = YES;
				CLANG_CXX_LANGUAGE_STANDARD = "gnu++0x";
				CLANG_CXX_LIBRARY = "libc++";
				CLANG_ENABLE_MODULES = YES;
				CLANG_ENABLE_OBJC_ARC = YES;
				CLANG_WARN_BOOL_CONVERSION = YES;
				CLANG_WARN_CONSTANT_CONVERSION = YES;
				CLANG_WARN_DIRECT_OBJC_ISA_USAGE = YES_ERROR;
				CLANG_WARN_DOCUMENTATION_COMMENTS = YES;
				CLANG_WARN_EMPTY_BODY = YES;
				CLANG_WARN_ENUM_CONVERSION = YES;
				CLANG_WARN_INFINITE_RECURSION = YES;
				CLANG_WARN_INT_CONVERSION = YES;
				CLANG_WARN_OBJC_ROOT_CLASS = YES_ERROR;
				CLANG_WARN_SUSPICIOUS_MOVE = YES;
				CLANG_WARN_SUSPICIOUS_MOVES = YES;
				CLANG_WARN_UNREACHABLE_CODE = YES;
				CLANG_WARN__DUPLICATE_METHOD_MATCH = YES;
				"CODE_SIGN_IDENTITY[sdk=iphoneos*]" = "iPhone Developer";
				COPY_PHASE_STRIP = NO;
				DEBUG_INFORMATION_FORMAT = dwarf;
				ENABLE_STRICT_OBJC_MSGSEND = YES;
				ENABLE_TESTABILITY = YES;
				GCC_C_LANGUAGE_STANDARD = gnu99;
				GCC_DYNAMIC_NO_PIC = NO;
				GCC_NO_COMMON_BLOCKS = YES;
				GCC_OPTIMIZATION_LEVEL = 0;
				GCC_PREPROCESSOR_DEFINITIONS = (
					"DEBUG=1",
					"$(inherited)",
				);
				GCC_WARN_64_TO_32_BIT_CONVERSION = YES;
				GCC_WARN_ABOUT_RETURN_TYPE = YES_ERROR;
				GCC_WARN_UNDECLARED_SELECTOR = YES;
				GCC_WARN_UNINITIALIZED_AUTOS = YES_AGGRESSIVE;
				GCC_WARN_UNUSED_FUNCTION = YES;
				GCC_WARN_UNUSED_VARIABLE = YES;
				IPHONEOS_DEPLOYMENT_TARGET = 10.0;
				MTL_ENABLE_DEBUG_INFO = YES;
				ONLY_ACTIVE_ARCH = YES;
				SDKROOT = iphoneos;
				SWIFT_ACTIVE_COMPILATION_CONDITIONS = DEBUG;
				SWIFT_OPTIMIZATION_LEVEL = "-Onone";
				TARGETED_DEVICE_FAMILY = "1,2";
			};
			name = Debug;
		};
		A35C84471D9886E8000549E3 /* Release */ = {
			isa = XCBuildConfiguration;
			buildSettings = {
				ALWAYS_SEARCH_USER_PATHS = NO;
				CLANG_ANALYZER_NONNULL = YES;
				CLANG_CXX_LANGUAGE_STANDARD = "gnu++0x";
				CLANG_CXX_LIBRARY = "libc++";
				CLANG_ENABLE_MODULES = YES;
				CLANG_ENABLE_OBJC_ARC = YES;
				CLANG_WARN_BOOL_CONVERSION = YES;
				CLANG_WARN_CONSTANT_CONVERSION = YES;
				CLANG_WARN_DIRECT_OBJC_ISA_USAGE = YES_ERROR;
				CLANG_WARN_DOCUMENTATION_COMMENTS = YES;
				CLANG_WARN_EMPTY_BODY = YES;
				CLANG_WARN_ENUM_CONVERSION = YES;
				CLANG_WARN_INFINITE_RECURSION = YES;
				CLANG_WARN_INT_CONVERSION = YES;
				CLANG_WARN_OBJC_ROOT_CLASS = YES_ERROR;
				CLANG_WARN_SUSPICIOUS_MOVE = YES;
				CLANG_WARN_SUSPICIOUS_MOVES = YES;
				CLANG_WARN_UNREACHABLE_CODE = YES;
				CLANG_WARN__DUPLICATE_METHOD_MATCH = YES;
				"CODE_SIGN_IDENTITY[sdk=iphoneos*]" = "iPhone Developer";
				COPY_PHASE_STRIP = NO;
				DEBUG_INFORMATION_FORMAT = "dwarf-with-dsym";
				ENABLE_NS_ASSERTIONS = NO;
				ENABLE_STRICT_OBJC_MSGSEND = YES;
				GCC_C_LANGUAGE_STANDARD = gnu99;
				GCC_NO_COMMON_BLOCKS = YES;
				GCC_WARN_64_TO_32_BIT_CONVERSION = YES;
				GCC_WARN_ABOUT_RETURN_TYPE = YES_ERROR;
				GCC_WARN_UNDECLARED_SELECTOR = YES;
				GCC_WARN_UNINITIALIZED_AUTOS = YES_AGGRESSIVE;
				GCC_WARN_UNUSED_FUNCTION = YES;
				GCC_WARN_UNUSED_VARIABLE = YES;
				IPHONEOS_DEPLOYMENT_TARGET = 10.0;
				MTL_ENABLE_DEBUG_INFO = NO;
				SDKROOT = iphoneos;
				SWIFT_OPTIMIZATION_LEVEL = "-Owholemodule";
				TARGETED_DEVICE_FAMILY = "1,2";
				VALIDATE_PRODUCT = YES;
			};
			name = Release;
		};
		A35C84491D9886E8000549E3 /* Debug */ = {
			isa = XCBuildConfiguration;
			baseConfigurationReference = 846B4B14E705FCECB619DE0E /* Pods-Weather.debug.xcconfig */;
			buildSettings = {
				ALWAYS_EMBED_SWIFT_STANDARD_LIBRARIES = YES;
				ASSETCATALOG_COMPILER_APPICON_NAME = AppIcon;
				DEVELOPMENT_TEAM = KMTZDB3J22;
				INFOPLIST_FILE = Weather/Info.plist;
				LD_RUNPATH_SEARCH_PATHS = "$(inherited) @executable_path/Frameworks";
				PRODUCT_BUNDLE_IDENTIFIER = com.Techinator.Weather;
				PRODUCT_NAME = "$(TARGET_NAME)";
				SWIFT_VERSION = 3.0;
				TARGETED_DEVICE_FAMILY = "1,2";
			};
			name = Debug;
		};
		A35C844A1D9886E8000549E3 /* Release */ = {
			isa = XCBuildConfiguration;
			baseConfigurationReference = 306ECDCBDFD10077C7142044 /* Pods-Weather.release.xcconfig */;
			buildSettings = {
				ALWAYS_EMBED_SWIFT_STANDARD_LIBRARIES = YES;
				ASSETCATALOG_COMPILER_APPICON_NAME = AppIcon;
				DEVELOPMENT_TEAM = KMTZDB3J22;
				INFOPLIST_FILE = Weather/Info.plist;
				LD_RUNPATH_SEARCH_PATHS = "$(inherited) @executable_path/Frameworks";
				PRODUCT_BUNDLE_IDENTIFIER = com.Techinator.Weather;
				PRODUCT_NAME = "$(TARGET_NAME)";
				SWIFT_VERSION = 3.0;
				TARGETED_DEVICE_FAMILY = "1,2";
			};
			name = Release;
		};
/* End XCBuildConfiguration section */

/* Begin XCConfigurationList section */
		A35C84311D9886E8000549E3 /* Build configuration list for PBXProject "Weather" */ = {
			isa = XCConfigurationList;
			buildConfigurations = (
				A35C84461D9886E8000549E3 /* Debug */,
				A35C84471D9886E8000549E3 /* Release */,
			);
			defaultConfigurationIsVisible = 0;
			defaultConfigurationName = Release;
		};
		A35C84481D9886E8000549E3 /* Build configuration list for PBXNativeTarget "Weather" */ = {
			isa = XCConfigurationList;
			buildConfigurations = (
				A35C84491D9886E8000549E3 /* Debug */,
				A35C844A1D9886E8000549E3 /* Release */,
			);
			defaultConfigurationIsVisible = 0;
			defaultConfigurationName = Release;
		};
/* End XCConfigurationList section */
	};
	rootObject = A35C842E1D9886E8000549E3 /* Project object */;
}
